{
    "_meta": {
        "hash": {
            "sha256": "c56c3689571d3fbd5ebe7eeb31feea92a8b81c357d5a96b735eb25038f22a6c5"
        },
        "host-environment-markers": {
            "implementation_name": "cpython",
            "implementation_version": "0",
            "os_name": "posix",
            "platform_machine": "x86_64",
            "platform_python_implementation": "CPython",
            "platform_release": "4.13.3-1-ARCH",
            "platform_system": "Linux",
            "platform_version": "#1 SMP PREEMPT Thu Sep 21 20:33:16 CEST 2017",
            "python_full_version": "2.7.14",
            "python_version": "2.7",
            "sys_platform": "linux2"
        },
        "pipfile-spec": 6,
        "requires": {
            "python_version": "2.7"
        },
        "sources": [
            {
                "name": "pypi",
                "url": "https://pypi.python.org/simple",
                "verify_ssl": true
            }
        ]
    },
    "default": {
        "six": {
            "hashes": [
                "sha256:832dc0e10feb1aa2c68dcc57dbb658f1c7e65b9b61af69048abc87a2db00a0eb",
                "sha256:70e8a77beed4562e7f14fe23a786b54f6296e34344c23bc42f07b15018ff98e9"
            ],
            "version": "==1.11.0"
        },
        "thrift": {
            "hashes": [
                "sha256:b7f6c09155321169af03f9fb20dc15a4a0c7481e7c334a5ba8f7f0d864633209"
            ],
            "version": "==0.10.0"
        }
    },
    "develop": {}
}
